{
  "nodes": {
    "flake-compat": {
      "flake": false,
      "locked": {
        "lastModified": 1627913399,
        "narHash": "sha256-hY8g6H2KFL8ownSiFeMOjwPC8P0ueXpCVEbxgda3pko=",
        "owner": "edolstra",
        "repo": "flake-compat",
        "rev": "12c64ca55c1014cdc1b16ed5a804aa8576601ff2",
        "type": "github"
      },
      "original": {
        "owner": "edolstra",
        "repo": "flake-compat",
        "type": "github"
      }
    },
    "flake-utils": {
      "locked": {
        "lastModified": 1623875721,
        "narHash": "sha256-A8BU7bjS5GirpAUv4QA+QnJ4CceLHkcXdRp4xITDB0s=",
        "owner": "numtide",
        "repo": "flake-utils",
        "rev": "f7e004a55b120c02ecb6219596820fcd32ca8772",
        "type": "github"
      },
      "original": {
        "owner": "numtide",
        "repo": "flake-utils",
        "type": "github"
      }
    },
    "home-manager": {
      "inputs": {
        "nixpkgs": "nixpkgs"
      },
      "locked": {
        "lastModified": 1627144340,
        "narHash": "sha256-RzJ1fFLQ879J1okpH0WbYFY9qgHcglwVDl2bYqlRvw8=",
        "owner": "nix-community",
        "repo": "home-manager",
        "rev": "0423a7b40cd29aec0bb02fa30f61ffe60f5dfc19",
        "type": "github"
      },
      "original": {
        "owner": "nix-community",
        "repo": "home-manager",
        "type": "github"
      }
    },
    "neovim-flake": {
      "inputs": {
        "flake-utils": "flake-utils",
        "nixpkgs": [
          "nixpkgs"
        ]
      },
      "locked": {
        "dir": "contrib",
        "lastModified": 1628990638,
        "narHash": "sha256-Wd8Ye1wvdTOhuqyLuyWKzwH31M2ycNzSHSItAHm37pA=",
        "owner": "neovim",
        "repo": "neovim",
        "rev": "d805eb3e0550ddbbcb7a59120ad93cd1bfad12f7",
        "type": "github"
      },
      "original": {
        "dir": "contrib",
        "owner": "neovim",
        "repo": "neovim",
        "type": "github"
      }
    },
    "neovim-nightly-overlay": {
      "inputs": {
        "flake-compat": "flake-compat",
        "neovim-flake": "neovim-flake",
        "nixpkgs": "nixpkgs_2"
      },
      "locked": {
        "lastModified": 1629015110,
        "narHash": "sha256-t3n30R73RoUdoKbe14OYjWMhNWAGjS1XS3i7QtVEyKQ=",
        "owner": "nix-community",
        "repo": "neovim-nightly-overlay",
        "rev": "74403e09330ccda0b2f093ce7f06df1bcb42f1d3",
        "type": "github"
      },
      "original": {
        "owner": "nix-community",
        "repo": "neovim-nightly-overlay",
        "type": "github"
      }
    },
    "nixpkgs": {
      "locked": {
        "lastModified": 1627237346,
        "narHash": "sha256-L9BwmVAxISBoYr5wadRp4AYqhERcNjKHVqmk52wI1gw=",
        "owner": "NixOS",
        "repo": "nixpkgs",
        "rev": "2f9cf506dd12c86a322ace5ae74b4eafee172cc2",
        "type": "github"
      },
      "original": {
        "id": "nixpkgs",
        "type": "indirect"
      }
    },
    "nixpkgs_2": {
      "locked": {
        "lastModified": 1628779307,
        "narHash": "sha256-ErivbgE5SGvNdFpq+Q50lw1JGGmvxBR/d71aW41S+1A=",
        "owner": "nixos",
        "repo": "nixpkgs",
        "rev": "4138cbd913fad85073e59007710e3f083d0eb7c6",
        "type": "github"
      },
      "original": {
        "owner": "nixos",
        "ref": "nixos-unstable",
        "repo": "nixpkgs",
        "type": "github"
      }
    },
    "nixpkgs_3": {
      "locked": {
        "lastModified": 1626852498,
        "narHash": "sha256-lOXUJvi0FJUXHTVSiC5qsMRtEUgqM4mGZpMESLuGhmo=",
        "owner": "NixOS",
        "repo": "nixpkgs",
        "rev": "16105403bdd843540cbef9c63fc0f16c1c6eaa70",
        "type": "github"
      },
      "original": {
        "owner": "NixOS",
        "ref": "nixos-unstable",
        "repo": "nixpkgs",
        "type": "github"
      }
    },
    "nur": {
      "locked": {
        "lastModified": 1628883226,
        "narHash": "sha256-LU/7K6wwmxAlU4Ym+MfkaWE3iNQVxzVzFez/8XnUolA=",
        "owner": "nix-community",
        "repo": "NUR",
        "rev": "f6174e2fb4224b9dbae8e663ff48a11f0e57df32",
        "type": "github"
      },
      "original": {
        "owner": "nix-community",
        "repo": "NUR",
        "type": "github"
      }
    },
    "root": {
      "inputs": {
        "home-manager": "home-manager",
        "neovim-nightly-overlay": "neovim-nightly-overlay",
        "nixpkgs": "nixpkgs_3",
        "nur": "nur"
      }
    }
  },
  "root": "root",
  "version": 7
}
