{
  "nodes": {
    "flake-compat": {
      "flake": false,
      "locked": {
        "lastModified": 1627913399,
        "narHash": "sha256-hY8g6H2KFL8ownSiFeMOjwPC8P0ueXpCVEbxgda3pko=",
        "owner": "edolstra",
        "repo": "flake-compat",
        "rev": "12c64ca55c1014cdc1b16ed5a804aa8576601ff2",
        "type": "github"
      },
      "original": {
        "owner": "edolstra",
        "repo": "flake-compat",
        "type": "github"
      }
    },
    "flake-utils": {
      "locked": {
        "lastModified": 1623875721,
        "narHash": "sha256-A8BU7bjS5GirpAUv4QA+QnJ4CceLHkcXdRp4xITDB0s=",
        "owner": "numtide",
        "repo": "flake-utils",
        "rev": "f7e004a55b120c02ecb6219596820fcd32ca8772",
        "type": "github"
      },
      "original": {
        "owner": "numtide",
        "repo": "flake-utils",
        "type": "github"
      }
    },
    "home-manager": {
      "inputs": {
        "nixpkgs": "nixpkgs"
      },
      "locked": {
        "lastModified": 1629151238,
        "narHash": "sha256-brMNLZLz8u9+6tSJ9J8dWkp1sT2mFiO3g2jQZVu+rtQ=",
        "owner": "nix-community",
        "repo": "home-manager",
        "rev": "ad0fc085c7b954d5813a950cf0db7143e6b049e3",
        "type": "github"
      },
      "original": {
        "owner": "nix-community",
        "repo": "home-manager",
        "type": "github"
      }
    },
    "neovim-flake": {
      "inputs": {
        "flake-utils": "flake-utils",
        "nixpkgs": [
          "nixpkgs"
        ]
      },
      "locked": {
        "dir": "contrib",
        "lastModified": 1629099801,
        "narHash": "sha256-oQQlr4eqmTO6o6daN6pqMhguejiHhGvE4/dIHfE9tp8=",
        "owner": "neovim",
        "repo": "neovim",
        "rev": "29712aef602b96d70c1cabbc7c717be1d045c4ca",
        "type": "github"
      },
      "original": {
        "dir": "contrib",
        "owner": "neovim",
        "repo": "neovim",
        "type": "github"
      }
    },
    "neovim-nightly-overlay": {
      "inputs": {
        "flake-compat": "flake-compat",
        "neovim-flake": "neovim-flake",
        "nixpkgs": "nixpkgs_2"
      },
      "locked": {
        "lastModified": 1629101799,
        "narHash": "sha256-nORFXCIY6DDez1n0h4WJMg6VUh9+zE0EXZb2SmgCyRI=",
        "owner": "nix-community",
        "repo": "neovim-nightly-overlay",
        "rev": "fd36b1238720fdd5f01ddb760cc4d51c97c003c3",
        "type": "github"
      },
      "original": {
        "owner": "nix-community",
        "repo": "neovim-nightly-overlay",
        "type": "github"
      }
    },
    "nixpkgs": {
      "locked": {
        "lastModified": 1629175515,
        "narHash": "sha256-m7H062XnJ6mcfzSTGKSqzVrWnD95DwNrsI76lzKCUkw=",
        "owner": "NixOS",
        "repo": "nixpkgs",
        "rev": "488f7e9203e66720c1af03a2991a6bc19e67f76a",
        "type": "github"
      },
      "original": {
        "id": "nixpkgs",
        "type": "indirect"
      }
    },
    "nixpkgs_2": {
      "locked": {
        "lastModified": 1629048390,
        "narHash": "sha256-do7HuXFSKyj4ulMlRvGigNZCqOaGD9i0M3OLkFQgEAc=",
        "owner": "nixos",
        "repo": "nixpkgs",
        "rev": "e41ba38114055832e5ba4a851e9c00149eef3e4a",
        "type": "github"
      },
      "original": {
        "owner": "nixos",
        "ref": "nixos-unstable",
        "repo": "nixpkgs",
        "type": "github"
      }
    },
    "nixpkgs_3": {
      "locked": {
        "lastModified": 1629048390,
        "narHash": "sha256-do7HuXFSKyj4ulMlRvGigNZCqOaGD9i0M3OLkFQgEAc=",
        "owner": "NixOS",
        "repo": "nixpkgs",
        "rev": "e41ba38114055832e5ba4a851e9c00149eef3e4a",
        "type": "github"
      },
      "original": {
        "owner": "NixOS",
        "ref": "nixos-unstable",
        "repo": "nixpkgs",
        "type": "github"
      }
    },
    "nur": {
      "locked": {
        "lastModified": 1629173231,
        "narHash": "sha256-ttxWiKziu1ydCJGYM47ZyYQnEGDZjQpUWyEK8N/Vakw=",
        "owner": "nix-community",
        "repo": "NUR",
        "rev": "1590216e1275b43b8c11d7f8700e98ffba60b653",
        "type": "github"
      },
      "original": {
        "owner": "nix-community",
        "repo": "NUR",
        "type": "github"
      }
    },
    "root": {
      "inputs": {
        "home-manager": "home-manager",
        "neovim-nightly-overlay": "neovim-nightly-overlay",
        "nixpkgs": "nixpkgs_3",
        "nur": "nur"
      }
    }
  },
  "root": "root",
  "version": 7
}
